
Microsoft Visual Studio Solution File, Format Version 12.00
# Visual Studio Version 16
VisualStudioVersion = 16.0.30204.135
MinimumVisualStudioVersion = 10.0.40219.1
Project("{FAE04EC0-301F-11D3-BF4B-00C04F79EFBC}") = "ParkyAPI", "ParkyAPI\ParkyAPI.csproj", "{53328934-E2C1-440D-B4BB-0C6DC1DAC29D}"
EndProject
Global
	GlobalSection(SolutionConfigurationPlatforms) = preSolution
		Debug|Any CPU = Debug|Any CPU
		Release|Any CPU = Release|Any CPU
	EndGlobalSection
	GlobalSection(ProjectConfigurationPlatforms) = postSolution
		{53328934-E2C1-440D-B4BB-0C6DC1DAC29D}.Debug|Any CPU.ActiveCfg = Debug|Any CPU
		{53328934-E2C1-440D-B4BB-0C6DC1DAC29D}.Debug|Any CPU.Build.0 = Debug|Any CPU
		{53328934-E2C1-440D-B4BB-0C6DC1DAC29D}.Release|Any CPU.ActiveCfg = Release|Any CPU
		{53328934-E2C1-440D-B4BB-0C6DC1DAC29D}.Release|Any CPU.Build.0 = Release|Any CPU
	EndGlobalSection
	GlobalSection(SolutionProperties) = preSolution
		HideSolutionNode = FALSE
	EndGlobalSection
	GlobalSection(ExtensibilityGlobals) = postSolution
		SolutionGuid = {038AB617-D911-484F-AA2E-83EA05EB8EDA}
	EndGlobalSection
EndGlobal
